# This file is generated by running "yarn install" inside your project.
# Manual changes might be lost - proceed with caution!

__metadata:
  version: 4

"@workspaces/common@workspace:common":
  version: 0.0.0-use.local
  resolution: "@workspaces/common@workspace:common"
  languageName: unknown
  linkType: soft

"rpc@workspace:rpc":
  version: 0.0.0-use.local
  resolution: "rpc@workspace:rpc"
  dependencies:
    "@workspaces/common": "workspace:common"
  languageName: unknown
  linkType: soft

"test-yarn2-mono@workspace:.":
  version: 0.0.0-use.local
  resolution: "test-yarn2-mono@workspace:."
  languageName: unknown
  linkType: soft
